
Microsoft Visual Studio Solution File, Format Version 12.00
# Visual Studio 15
Project("{FAE04EC0-301F-11D3-BF4B-00C04F79EFBC}") = "DelegatesDemo", "DelegatesDemo\DelegatesDemo.csproj", "{9BC2A387-F394-4E73-A833-9AB6258FBC96}"
EndProject
Project("{FAE04EC0-301F-11D3-BF4B-00C04F79EFBC}") = "LINQ_Demo", "LINQ_Demo\LINQ_Demo.csproj", "{34298679-3435-44AB-8B72-0892FB92DF2B}"
EndProject
Project("{FAE04EC0-301F-11D3-BF4B-00C04F79EFBC}") = "CollectionsDemo", "CollectionsDemo\CollectionsDemo.csproj", "{0AC34A1A-E525-48AE-B154-BA7BC0D2361C}"
EndProject
Project("{FAE04EC0-301F-11D3-BF4B-00C04F79EFBC}") = "CSV_LINQ_Demo", "CSV_LINQ_Demo\CSV_LINQ_Demo.csproj", "{46788D3B-AA85-4BC7-A8C4-E39A94C3F7A6}"
EndProject
Project("{FAE04EC0-301F-11D3-BF4B-00C04F79EFBC}") = "NullableDemo", "NullableDemo\NullableDemo.csproj", "{3D0BE8DE-625B-4EF3-99DA-B5A3D3C4A310}"
EndProject
Project("{FAE04EC0-301F-11D3-BF4B-00C04F79EFBC}") = "DeconstructionDemo", "DeconstructionDemo\DeconstructionDemo.csproj", "{A970EDCD-430B-45CE-BCF7-184500B22B99}"
EndProject
Global
	GlobalSection(SolutionConfigurationPlatforms) = preSolution
		Debug|Any CPU = Debug|Any CPU
		Release|Any CPU = Release|Any CPU
	EndGlobalSection
	GlobalSection(ProjectConfigurationPlatforms) = postSolution
		{9BC2A387-F394-4E73-A833-9AB6258FBC96}.Debug|Any CPU.ActiveCfg = Debug|Any CPU
		{9BC2A387-F394-4E73-A833-9AB6258FBC96}.Debug|Any CPU.Build.0 = Debug|Any CPU
		{9BC2A387-F394-4E73-A833-9AB6258FBC96}.Release|Any CPU.ActiveCfg = Release|Any CPU
		{9BC2A387-F394-4E73-A833-9AB6258FBC96}.Release|Any CPU.Build.0 = Release|Any CPU
		{34298679-3435-44AB-8B72-0892FB92DF2B}.Debug|Any CPU.ActiveCfg = Debug|Any CPU
		{34298679-3435-44AB-8B72-0892FB92DF2B}.Debug|Any CPU.Build.0 = Debug|Any CPU
		{34298679-3435-44AB-8B72-0892FB92DF2B}.Release|Any CPU.ActiveCfg = Release|Any CPU
		{34298679-3435-44AB-8B72-0892FB92DF2B}.Release|Any CPU.Build.0 = Release|Any CPU
		{0AC34A1A-E525-48AE-B154-BA7BC0D2361C}.Debug|Any CPU.ActiveCfg = Debug|Any CPU
		{0AC34A1A-E525-48AE-B154-BA7BC0D2361C}.Debug|Any CPU.Build.0 = Debug|Any CPU
		{0AC34A1A-E525-48AE-B154-BA7BC0D2361C}.Release|Any CPU.ActiveCfg = Release|Any CPU
		{0AC34A1A-E525-48AE-B154-BA7BC0D2361C}.Release|Any CPU.Build.0 = Release|Any CPU
		{46788D3B-AA85-4BC7-A8C4-E39A94C3F7A6}.Debug|Any CPU.ActiveCfg = Debug|Any CPU
		{46788D3B-AA85-4BC7-A8C4-E39A94C3F7A6}.Debug|Any CPU.Build.0 = Debug|Any CPU
		{46788D3B-AA85-4BC7-A8C4-E39A94C3F7A6}.Release|Any CPU.ActiveCfg = Release|Any CPU
		{46788D3B-AA85-4BC7-A8C4-E39A94C3F7A6}.Release|Any CPU.Build.0 = Release|Any CPU
		{3D0BE8DE-625B-4EF3-99DA-B5A3D3C4A310}.Debug|Any CPU.ActiveCfg = Debug|Any CPU
		{3D0BE8DE-625B-4EF3-99DA-B5A3D3C4A310}.Debug|Any CPU.Build.0 = Debug|Any CPU
		{3D0BE8DE-625B-4EF3-99DA-B5A3D3C4A310}.Release|Any CPU.ActiveCfg = Release|Any CPU
		{3D0BE8DE-625B-4EF3-99DA-B5A3D3C4A310}.Release|Any CPU.Build.0 = Release|Any CPU
		{A970EDCD-430B-45CE-BCF7-184500B22B99}.Debug|Any CPU.ActiveCfg = Debug|Any CPU
		{A970EDCD-430B-45CE-BCF7-184500B22B99}.Debug|Any CPU.Build.0 = Debug|Any CPU
		{A970EDCD-430B-45CE-BCF7-184500B22B99}.Release|Any CPU.ActiveCfg = Release|Any CPU
		{A970EDCD-430B-45CE-BCF7-184500B22B99}.Release|Any CPU.Build.0 = Release|Any CPU
	EndGlobalSection
EndGlobal
